# This file was autogenerated by Stack.
# You should not edit this file by hand.
# For more information, please see the documentation at:
#   https://docs.haskellstack.org/en/stable/lock_files

packages:
- completed:
    hackage: amazonka-1.6.1@sha256:f58b63e83876f93aa03c54e54b3eb8ba9358af93819d41f4a5a8f8b7d8b8399c,3544
    pantry-tree:
      size: 992
      sha256: d792656a70ee42df262a599bc6608bda069e33092d665c3438a6eeeaf7db4fb2
  original:
    hackage: amazonka-1.6.1@sha256:f58b63e83876f93aa03c54e54b3eb8ba9358af93819d41f4a5a8f8b7d8b8399c,3544
- completed:
    hackage: unliftio-core-0.1.2.0@sha256:b0a7652ffce2284a6cebe05c99eb60573a8fb6631163f34b0b30a80b4a78cb23,1081
    pantry-tree:
      size: 328
      sha256: 9d970bf5f98e68e8fc129b04d6c9d8eb1e641c7556ffd0f0a168a259335b6fd7
  original:
    hackage: unliftio-core-0.1.2.0@sha256:b0a7652ffce2284a6cebe05c99eb60573a8fb6631163f34b0b30a80b4a78cb23,1081
- completed:
    size: 31642
    subdir: qtility
    url: https://github.com/quanterall/qtility/archive/e30a61e80c73df5952425f751be95b5bab41a0ae.tar.gz
    name: qtility
    version: 0.0.0
    sha256: bc9b6484accf71407f99415d7db18bb6af0754b99707d183e89bbdaff5344a8a
    pantry-tree:
      size: 829
      sha256: 917f5149fa8b6c73622eb4001a899ca91b82f491215885a0cbb74e36bf2fbe38
  original:
    subdir: qtility
    url: https://github.com/quanterall/qtility/archive/e30a61e80c73df5952425f751be95b5bab41a0ae.tar.gz
- completed:
    size: 31642
    subdir: qaws
    url: https://github.com/quanterall/qtility/archive/e30a61e80c73df5952425f751be95b5bab41a0ae.tar.gz
    name: qaws
    version: 0.0.0
    sha256: bc9b6484accf71407f99415d7db18bb6af0754b99707d183e89bbdaff5344a8a
    pantry-tree:
      size: 341
      sha256: 7f70b772d435504574602c1e62a69e0bbed923e15b603eda911c4ddd020fe194
  original:
    subdir: qaws
    url: https://github.com/quanterall/qtility/archive/e30a61e80c73df5952425f751be95b5bab41a0ae.tar.gz
- completed:
    size: 31642
    subdir: qaws-sqs
    url: https://github.com/quanterall/qtility/archive/e30a61e80c73df5952425f751be95b5bab41a0ae.tar.gz
    name: qaws-sqs
    version: 0.0.0
    sha256: bc9b6484accf71407f99415d7db18bb6af0754b99707d183e89bbdaff5344a8a
    pantry-tree:
      size: 352
      sha256: 5bd1ccd32d9c06d35fc846458f1c3da913541d4fe2a4c6509e5b2d2cbf683211
  original:
    subdir: qaws-sqs
    url: https://github.com/quanterall/qtility/archive/e30a61e80c73df5952425f751be95b5bab41a0ae.tar.gz
- completed:
    size: 31642
    subdir: qtility-brick
    url: https://github.com/quanterall/qtility/archive/e30a61e80c73df5952425f751be95b5bab41a0ae.tar.gz
    name: qtility-brick
    version: 0.1.0
    sha256: bc9b6484accf71407f99415d7db18bb6af0754b99707d183e89bbdaff5344a8a
    pantry-tree:
      size: 694
      sha256: e10537ffb40dc9bc73ccfba3ab5c9900cbf4becb6dd4daea691f8a10d773fd9c
  original:
    subdir: qtility-brick
    url: https://github.com/quanterall/qtility/archive/e30a61e80c73df5952425f751be95b5bab41a0ae.tar.gz
snapshots:
- completed:
    size: 586069
    url: https://raw.githubusercontent.com/commercialhaskell/stackage-snapshots/master/lts/18/14.yaml
    sha256: 87842ecbaa8ca9cee59a7e6be52369dbed82ed075cb4e0d152614a627e8fd488
  original: lts-18.14
