# This file was autogenerated by Stack.
# You should not edit this file by hand.
# For more information, please see the documentation at:
#   https://docs.haskellstack.org/en/stable/lock_files

packages:
- completed:
    hackage: amazonka-1.6.1@sha256:f58b63e83876f93aa03c54e54b3eb8ba9358af93819d41f4a5a8f8b7d8b8399c,3544
    pantry-tree:
      size: 992
      sha256: d792656a70ee42df262a599bc6608bda069e33092d665c3438a6eeeaf7db4fb2
  original:
    hackage: amazonka-1.6.1@sha256:f58b63e83876f93aa03c54e54b3eb8ba9358af93819d41f4a5a8f8b7d8b8399c,3544
- completed:
    hackage: unliftio-core-0.1.2.0@sha256:b0a7652ffce2284a6cebe05c99eb60573a8fb6631163f34b0b30a80b4a78cb23,1081
    pantry-tree:
      size: 328
      sha256: 9d970bf5f98e68e8fc129b04d6c9d8eb1e641c7556ffd0f0a168a259335b6fd7
  original:
    hackage: unliftio-core-0.1.2.0@sha256:b0a7652ffce2284a6cebe05c99eb60573a8fb6631163f34b0b30a80b4a78cb23,1081
- completed:
    size: 9417
    subdir: qaws
    url: https://github.com/quanterall/qaws/archive/4d1574fa644667935a853c0072f4b660791b419f.tar.gz
    name: qaws
    version: 0.0.0
    sha256: b6f18eccd75080adb090073161d311f279c5a68ac55d702250a29cb6243ac3b9
    pantry-tree:
      size: 341
      sha256: 2242572ef43a2958c335d9fecabd0a8788eebd418ee1da8037d5fa63a18fe674
  original:
    subdir: qaws
    url: https://github.com/quanterall/qaws/archive/4d1574fa644667935a853c0072f4b660791b419f.tar.gz
- completed:
    size: 9417
    subdir: qaws-sqs
    url: https://github.com/quanterall/qaws/archive/4d1574fa644667935a853c0072f4b660791b419f.tar.gz
    name: qaws-sqs
    version: 0.0.0
    sha256: b6f18eccd75080adb090073161d311f279c5a68ac55d702250a29cb6243ac3b9
    pantry-tree:
      size: 352
      sha256: d9ee4ae69a59410667c6845f66ce5cbac2dcf40e646558ec018f51a78134f9d3
  original:
    subdir: qaws-sqs
    url: https://github.com/quanterall/qaws/archive/4d1574fa644667935a853c0072f4b660791b419f.tar.gz
- completed:
    size: 5012
    subdir: qtility-environment
    url: https://github.com/quanterall/qtility/archive/066c07a4281773a4471b88a51b1a34e9120a0a0c.tar.gz
    name: qtility-environment
    version: 0.0.0
    sha256: d6027968c34af08cb2d0b85541c56647d934bc2c0c19483b41580af1eccb7295
    pantry-tree:
      size: 311
      sha256: 76c033712abe14c367a1e642c7087f4067d0d3e822a0fae469d1ff419e390dac
  original:
    subdir: qtility-environment
    url: https://github.com/quanterall/qtility/archive/066c07a4281773a4471b88a51b1a34e9120a0a0c.tar.gz
- completed:
    size: 5012
    subdir: qtility-data
    url: https://github.com/quanterall/qtility/archive/066c07a4281773a4471b88a51b1a34e9120a0a0c.tar.gz
    name: qtility-data
    version: 0.0.0
    sha256: d6027968c34af08cb2d0b85541c56647d934bc2c0c19483b41580af1eccb7295
    pantry-tree:
      size: 323
      sha256: 6249a4e33329a26674d9895fd5c876fd24f8e3039717441638f0965deddaa7bf
  original:
    subdir: qtility-data
    url: https://github.com/quanterall/qtility/archive/066c07a4281773a4471b88a51b1a34e9120a0a0c.tar.gz
snapshots:
- completed:
    size: 586069
    url: https://raw.githubusercontent.com/commercialhaskell/stackage-snapshots/master/lts/18/14.yaml
    sha256: 87842ecbaa8ca9cee59a7e6be52369dbed82ed075cb4e0d152614a627e8fd488
  original: lts-18.14
